// !$*UTF8*$!
{
	archiveVersion = 1;
	classes = {
	};
	objectVersion = 46;
	objects = {

/* Begin PBXBuildFile section */
		C17904311E6E5BE100015D28 /* njli.so in Resources */ = {isa = PBXBuildFile; fileRef = C17904301E6E5BE100015D28 /* njli.so */; };
		C19C6F771E662F5400F2F5F7 /* main.mm in Sources */ = {isa = PBXBuildFile; fileRef = C19C6F761E662F5400F2F5F7 /* main.mm */; };
		C19C6F7A1E662F5400F2F5F7 /* AppDelegate.m in Sources */ = {isa = PBXBuildFile; fileRef = C19C6F791E662F5400F2F5F7 /* AppDelegate.m */; };
		C19C6F811E662F5400F2F5F7 /* GameViewController.m in Sources */ = {isa = PBXBuildFile; fileRef = C19C6F801E662F5400F2F5F7 /* GameViewController.m */; };
		C19C6F841E662F5400F2F5F7 /* Main.storyboard in Resources */ = {isa = PBXBuildFile; fileRef = C19C6F821E662F5400F2F5F7 /* Main.storyboard */; };
		C19C6F861E662F5400F2F5F7 /* Assets.xcassets in Resources */ = {isa = PBXBuildFile; fileRef = C19C6F851E662F5400F2F5F7 /* Assets.xcassets */; };
		C19C6F891E662F5400F2F5F7 /* LaunchScreen.storyboard in Resources */ = {isa = PBXBuildFile; fileRef = C19C6F871E662F5400F2F5F7 /* LaunchScreen.storyboard */; };
		C19C6F941E662F5400F2F5F7 /* iOSTests.m in Sources */ = {isa = PBXBuildFile; fileRef = C19C6F931E662F5400F2F5F7 /* iOSTests.m */; };
		C19C6F9F1E662F5400F2F5F7 /* iOSUITests.m in Sources */ = {isa = PBXBuildFile; fileRef = C19C6F9E1E662F5400F2F5F7 /* iOSUITests.m */; };
/* End PBXBuildFile section */

/* Begin PBXContainerItemProxy section */
		C19C6F901E662F5400F2F5F7 /* PBXContainerItemProxy */ = {
			isa = PBXContainerItemProxy;
			containerPortal = C19C6F6A1E662F5400F2F5F7 /* Project object */;
			proxyType = 1;
			remoteGlobalIDString = C19C6F711E662F5400F2F5F7;
			remoteInfo = iOS;
		};
		C19C6F9B1E662F5400F2F5F7 /* PBXContainerItemProxy */ = {
			isa = PBXContainerItemProxy;
			containerPortal = C19C6F6A1E662F5400F2F5F7 /* Project object */;
			proxyType = 1;
			remoteGlobalIDString = C19C6F711E662F5400F2F5F7;
			remoteInfo = iOS;
		};
/* End PBXContainerItemProxy section */

/* Begin PBXFileReference section */
		C17904301E6E5BE100015D28 /* njli.so */ = {isa = PBXFileReference; lastKnownFileType = "compiled.mach-o.bundle"; name = njli.so; path = "../../../../NJLIGameEngine-0.1.1-Darwin/module/ios/10.2/SIMULATOR/Release/njli.so"; sourceTree = "<group>"; };
		C19C6F721E662F5400F2F5F7 /* iOS.app */ = {isa = PBXFileReference; explicitFileType = wrapper.application; includeInIndex = 0; path = iOS.app; sourceTree = BUILT_PRODUCTS_DIR; };
		C19C6F761E662F5400F2F5F7 /* main.mm */ = {isa = PBXFileReference; lastKnownFileType = sourcecode.cpp.objcpp; path = main.mm; sourceTree = "<group>"; };
		C19C6F781E662F5400F2F5F7 /* AppDelegate.h */ = {isa = PBXFileReference; lastKnownFileType = sourcecode.c.h; path = AppDelegate.h; sourceTree = "<group>"; };
		C19C6F791E662F5400F2F5F7 /* AppDelegate.m */ = {isa = PBXFileReference; explicitFileType = sourcecode.cpp.objcpp; path = AppDelegate.m; sourceTree = "<group>"; };
		C19C6F7F1E662F5400F2F5F7 /* GameViewController.h */ = {isa = PBXFileReference; lastKnownFileType = sourcecode.c.h; path = GameViewController.h; sourceTree = "<group>"; };
		C19C6F801E662F5400F2F5F7 /* GameViewController.m */ = {isa = PBXFileReference; explicitFileType = sourcecode.c.objc; path = GameViewController.m; sourceTree = "<group>"; };
		C19C6F831E662F5400F2F5F7 /* Base */ = {isa = PBXFileReference; lastKnownFileType = file.storyboard; name = Base; path = Base.lproj/Main.storyboard; sourceTree = "<group>"; };
		C19C6F851E662F5400F2F5F7 /* Assets.xcassets */ = {isa = PBXFileReference; lastKnownFileType = folder.assetcatalog; path = Assets.xcassets; sourceTree = "<group>"; };
		C19C6F881E662F5400F2F5F7 /* Base */ = {isa = PBXFileReference; lastKnownFileType = file.storyboard; name = Base; path = Base.lproj/LaunchScreen.storyboard; sourceTree = "<group>"; };
		C19C6F8A1E662F5400F2F5F7 /* Info.plist */ = {isa = PBXFileReference; lastKnownFileType = text.plist.xml; path = Info.plist; sourceTree = "<group>"; };
		C19C6F8F1E662F5400F2F5F7 /* iOSTests.xctest */ = {isa = PBXFileReference; explicitFileType = wrapper.cfbundle; includeInIndex = 0; path = iOSTests.xctest; sourceTree = BUILT_PRODUCTS_DIR; };
		C19C6F931E662F5400F2F5F7 /* iOSTests.m */ = {isa = PBXFileReference; lastKnownFileType = sourcecode.c.objc; path = iOSTests.m; sourceTree = "<group>"; };
		C19C6F951E662F5400F2F5F7 /* Info.plist */ = {isa = PBXFileReference; lastKnownFileType = text.plist.xml; path = Info.plist; sourceTree = "<group>"; };
		C19C6F9A1E662F5400F2F5F7 /* iOSUITests.xctest */ = {isa = PBXFileReference; explicitFileType = wrapper.cfbundle; includeInIndex = 0; path = iOSUITests.xctest; sourceTree = BUILT_PRODUCTS_DIR; };
		C19C6F9E1E662F5400F2F5F7 /* iOSUITests.m */ = {isa = PBXFileReference; lastKnownFileType = sourcecode.c.objc; path = iOSUITests.m; sourceTree = "<group>"; };
		C19C6FA01E662F5400F2F5F7 /* Info.plist */ = {isa = PBXFileReference; lastKnownFileType = text.plist.xml; path = Info.plist; sourceTree = "<group>"; };
/* End PBXFileReference section */

/* Begin PBXFrameworksBuildPhase section */
		C19C6F6F1E662F5400F2F5F7 /* Frameworks */ = {
			isa = PBXFrameworksBuildPhase;
			buildActionMask = 2147483647;
			files = (
			);
			runOnlyForDeploymentPostprocessing = 0;
		};
		C19C6F8C1E662F5400F2F5F7 /* Frameworks */ = {
			isa = PBXFrameworksBuildPhase;
			buildActionMask = 2147483647;
			files = (
			);
			runOnlyForDeploymentPostprocessing = 0;
		};
		C19C6F971E662F5400F2F5F7 /* Frameworks */ = {
			isa = PBXFrameworksBuildPhase;
			buildActionMask = 2147483647;
			files = (
			);
			runOnlyForDeploymentPostprocessing = 0;
		};
/* End PBXFrameworksBuildPhase section */

/* Begin PBXGroup section */
		C179041D1E67B0C200015D28 /* Frameworks */ = {
			isa = PBXGroup;
			children = (
			);
			name = Frameworks;
			sourceTree = "<group>";
		};
		C19C6F691E662F5400F2F5F7 = {
			isa = PBXGroup;
			children = (
				C17904301E6E5BE100015D28 /* njli.so */,
				C19C6F741E662F5400F2F5F7 /* iOS */,
				C19C6F921E662F5400F2F5F7 /* iOSTests */,
				C19C6F9D1E662F5400F2F5F7 /* iOSUITests */,
				C19C6F731E662F5400F2F5F7 /* Products */,
				C179041D1E67B0C200015D28 /* Frameworks */,
			);
			sourceTree = "<group>";
		};
		C19C6F731E662F5400F2F5F7 /* Products */ = {
			isa = PBXGroup;
			children = (
				C19C6F721E662F5400F2F5F7 /* iOS.app */,
				C19C6F8F1E662F5400F2F5F7 /* iOSTests.xctest */,
				C19C6F9A1E662F5400F2F5F7 /* iOSUITests.xctest */,
			);
			name = Products;
			sourceTree = "<group>";
		};
		C19C6F741E662F5400F2F5F7 /* iOS */ = {
			isa = PBXGroup;
			children = (
				C19C6F781E662F5400F2F5F7 /* AppDelegate.h */,
				C19C6F791E662F5400F2F5F7 /* AppDelegate.m */,
				C19C6F7F1E662F5400F2F5F7 /* GameViewController.h */,
				C19C6F801E662F5400F2F5F7 /* GameViewController.m */,
				C19C6F821E662F5400F2F5F7 /* Main.storyboard */,
				C19C6F851E662F5400F2F5F7 /* Assets.xcassets */,
				C19C6F871E662F5400F2F5F7 /* LaunchScreen.storyboard */,
				C19C6F8A1E662F5400F2F5F7 /* Info.plist */,
				C19C6F751E662F5400F2F5F7 /* Supporting Files */,
			);
			path = iOS;
			sourceTree = "<group>";
		};
		C19C6F751E662F5400F2F5F7 /* Supporting Files */ = {
			isa = PBXGroup;
			children = (
				C19C6F761E662F5400F2F5F7 /* main.mm */,
			);
			name = "Supporting Files";
			sourceTree = "<group>";
		};
		C19C6F921E662F5400F2F5F7 /* iOSTests */ = {
			isa = PBXGroup;
			children = (
				C19C6F931E662F5400F2F5F7 /* iOSTests.m */,
				C19C6F951E662F5400F2F5F7 /* Info.plist */,
			);
			path = iOSTests;
			sourceTree = "<group>";
		};
		C19C6F9D1E662F5400F2F5F7 /* iOSUITests */ = {
			isa = PBXGroup;
			children = (
				C19C6F9E1E662F5400F2F5F7 /* iOSUITests.m */,
				C19C6FA01E662F5400F2F5F7 /* Info.plist */,
			);
			path = iOSUITests;
			sourceTree = "<group>";
		};
/* End PBXGroup section */

/* Begin PBXNativeTarget section */
		C19C6F711E662F5400F2F5F7 /* iOS */ = {
			isa = PBXNativeTarget;
			buildConfigurationList = C19C6FA31E662F5400F2F5F7 /* Build configuration list for PBXNativeTarget "iOS" */;
			buildPhases = (
				C19C6F6E1E662F5400F2F5F7 /* Sources */,
				C19C6F6F1E662F5400F2F5F7 /* Frameworks */,
				C19C6F701E662F5400F2F5F7 /* Resources */,
			);
			buildRules = (
			);
			dependencies = (
			);
			name = iOS;
			productName = iOS;
			productReference = C19C6F721E662F5400F2F5F7 /* iOS.app */;
			productType = "com.apple.product-type.application";
		};
		C19C6F8E1E662F5400F2F5F7 /* iOSTests */ = {
			isa = PBXNativeTarget;
			buildConfigurationList = C19C6FA61E662F5400F2F5F7 /* Build configuration list for PBXNativeTarget "iOSTests" */;
			buildPhases = (
				C19C6F8B1E662F5400F2F5F7 /* Sources */,
				C19C6F8C1E662F5400F2F5F7 /* Frameworks */,
				C19C6F8D1E662F5400F2F5F7 /* Resources */,
			);
			buildRules = (
			);
			dependencies = (
				C19C6F911E662F5400F2F5F7 /* PBXTargetDependency */,
			);
			name = iOSTests;
			productName = iOSTests;
			productReference = C19C6F8F1E662F5400F2F5F7 /* iOSTests.xctest */;
			productType = "com.apple.product-type.bundle.unit-test";
		};
		C19C6F991E662F5400F2F5F7 /* iOSUITests */ = {
			isa = PBXNativeTarget;
			buildConfigurationList = C19C6FA91E662F5400F2F5F7 /* Build configuration list for PBXNativeTarget "iOSUITests" */;
			buildPhases = (
				C19C6F961E662F5400F2F5F7 /* Sources */,
				C19C6F971E662F5400F2F5F7 /* Frameworks */,
				C19C6F981E662F5400F2F5F7 /* Resources */,
			);
			buildRules = (
			);
			dependencies = (
				C19C6F9C1E662F5400F2F5F7 /* PBXTargetDependency */,
			);
			name = iOSUITests;
			productName = iOSUITests;
			productReference = C19C6F9A1E662F5400F2F5F7 /* iOSUITests.xctest */;
			productType = "com.apple.product-type.bundle.ui-testing";
		};
/* End PBXNativeTarget section */

/* Begin PBXProject section */
		C19C6F6A1E662F5400F2F5F7 /* Project object */ = {
			isa = PBXProject;
			attributes = {
				LastUpgradeCheck = 0820;
				ORGANIZATIONNAME = "James Folk";
				TargetAttributes = {
					C19C6F711E662F5400F2F5F7 = {
						CreatedOnToolsVersion = 8.2.1;
						DevelopmentTeam = SRBQ5SCF5X;
						ProvisioningStyle = Automatic;
					};
					C19C6F8E1E662F5400F2F5F7 = {
						CreatedOnToolsVersion = 8.2.1;
						DevelopmentTeam = SRBQ5SCF5X;
						ProvisioningStyle = Automatic;
						TestTargetID = C19C6F711E662F5400F2F5F7;
					};
					C19C6F991E662F5400F2F5F7 = {
						CreatedOnToolsVersion = 8.2.1;
						DevelopmentTeam = SRBQ5SCF5X;
						ProvisioningStyle = Automatic;
						TestTargetID = C19C6F711E662F5400F2F5F7;
					};
				};
			};
			buildConfigurationList = C19C6F6D1E662F5400F2F5F7 /* Build configuration list for PBXProject "iOS" */;
			compatibilityVersion = "Xcode 3.2";
			developmentRegion = English;
			hasScannedForEncodings = 0;
			knownRegions = (
				en,
				Base,
			);
			mainGroup = C19C6F691E662F5400F2F5F7;
			productRefGroup = C19C6F731E662F5400F2F5F7 /* Products */;
			projectDirPath = "";
			projectRoot = "";
			targets = (
				C19C6F711E662F5400F2F5F7 /* iOS */,
				C19C6F8E1E662F5400F2F5F7 /* iOSTests */,
				C19C6F991E662F5400F2F5F7 /* iOSUITests */,
			);
		};
/* End PBXProject section */

/* Begin PBXResourcesBuildPhase section */
		C19C6F701E662F5400F2F5F7 /* Resources */ = {
			isa = PBXResourcesBuildPhase;
			buildActionMask = 2147483647;
			files = (
				C17904311E6E5BE100015D28 /* njli.so in Resources */,
				C19C6F841E662F5400F2F5F7 /* Main.storyboard in Resources */,
				C19C6F861E662F5400F2F5F7 /* Assets.xcassets in Resources */,
				C19C6F891E662F5400F2F5F7 /* LaunchScreen.storyboard in Resources */,
			);
			runOnlyForDeploymentPostprocessing = 0;
		};
		C19C6F8D1E662F5400F2F5F7 /* Resources */ = {
			isa = PBXResourcesBuildPhase;
			buildActionMask = 2147483647;
			files = (
			);
			runOnlyForDeploymentPostprocessing = 0;
		};
		C19C6F981E662F5400F2F5F7 /* Resources */ = {
			isa = PBXResourcesBuildPhase;
			buildActionMask = 2147483647;
			files = (
			);
			runOnlyForDeploymentPostprocessing = 0;
		};
/* End PBXResourcesBuildPhase section */

/* Begin PBXSourcesBuildPhase section */
		C19C6F6E1E662F5400F2F5F7 /* Sources */ = {
			isa = PBXSourcesBuildPhase;
			buildActionMask = 2147483647;
			files = (
				C19C6F7A1E662F5400F2F5F7 /* AppDelegate.m in Sources */,
				C19C6F811E662F5400F2F5F7 /* GameViewController.m in Sources */,
				C19C6F771E662F5400F2F5F7 /* main.mm in Sources */,
			);
			runOnlyForDeploymentPostprocessing = 0;
		};
		C19C6F8B1E662F5400F2F5F7 /* Sources */ = {
			isa = PBXSourcesBuildPhase;
			buildActionMask = 2147483647;
			files = (
				C19C6F941E662F5400F2F5F7 /* iOSTests.m in Sources */,
			);
			runOnlyForDeploymentPostprocessing = 0;
		};
		C19C6F961E662F5400F2F5F7 /* Sources */ = {
			isa = PBXSourcesBuildPhase;
			buildActionMask = 2147483647;
			files = (
				C19C6F9F1E662F5400F2F5F7 /* iOSUITests.m in Sources */,
			);
			runOnlyForDeploymentPostprocessing = 0;
		};
/* End PBXSourcesBuildPhase section */

/* Begin PBXTargetDependency section */
		C19C6F911E662F5400F2F5F7 /* PBXTargetDependency */ = {
			isa = PBXTargetDependency;
			target = C19C6F711E662F5400F2F5F7 /* iOS */;
			targetProxy = C19C6F901E662F5400F2F5F7 /* PBXContainerItemProxy */;
		};
		C19C6F9C1E662F5400F2F5F7 /* PBXTargetDependency */ = {
			isa = PBXTargetDependency;
			target = C19C6F711E662F5400F2F5F7 /* iOS */;
			targetProxy = C19C6F9B1E662F5400F2F5F7 /* PBXContainerItemProxy */;
		};
/* End PBXTargetDependency section */

/* Begin PBXVariantGroup section */
		C19C6F821E662F5400F2F5F7 /* Main.storyboard */ = {
			isa = PBXVariantGroup;
			children = (
				C19C6F831E662F5400F2F5F7 /* Base */,
			);
			name = Main.storyboard;
			sourceTree = "<group>";
		};
		C19C6F871E662F5400F2F5F7 /* LaunchScreen.storyboard */ = {
			isa = PBXVariantGroup;
			children = (
				C19C6F881E662F5400F2F5F7 /* Base */,
			);
			name = LaunchScreen.storyboard;
			sourceTree = "<group>";
		};
/* End PBXVariantGroup section */

/* Begin XCBuildConfiguration section */
		C19C6FA11E662F5400F2F5F7 /* Debug */ = {
			isa = XCBuildConfiguration;
			buildSettings = {
				ALWAYS_SEARCH_USER_PATHS = NO;
				CLANG_ANALYZER_NONNULL = YES;
				CLANG_CXX_LANGUAGE_STANDARD = "c++0x";
				CLANG_CXX_LIBRARY = "libc++";
				CLANG_ENABLE_MODULES = YES;
				CLANG_ENABLE_OBJC_ARC = YES;
				CLANG_WARN_BOOL_CONVERSION = YES;
				CLANG_WARN_CONSTANT_CONVERSION = YES;
				CLANG_WARN_DIRECT_OBJC_ISA_USAGE = YES_ERROR;
				CLANG_WARN_DOCUMENTATION_COMMENTS = YES;
				CLANG_WARN_EMPTY_BODY = YES;
				CLANG_WARN_ENUM_CONVERSION = YES;
				CLANG_WARN_INFINITE_RECURSION = YES;
				CLANG_WARN_INT_CONVERSION = YES;
				CLANG_WARN_OBJC_ROOT_CLASS = YES_ERROR;
				CLANG_WARN_SUSPICIOUS_MOVE = YES;
				CLANG_WARN_UNREACHABLE_CODE = YES;
				CLANG_WARN__DUPLICATE_METHOD_MATCH = YES;
				"CODE_SIGN_IDENTITY[sdk=iphoneos*]" = "iPhone Developer";
				COPY_PHASE_STRIP = NO;
				DEBUG_INFORMATION_FORMAT = dwarf;
				ENABLE_STRICT_OBJC_MSGSEND = YES;
				ENABLE_TESTABILITY = YES;
				GCC_C_LANGUAGE_STANDARD = gnu99;
				GCC_DYNAMIC_NO_PIC = NO;
				GCC_NO_COMMON_BLOCKS = YES;
				GCC_OPTIMIZATION_LEVEL = 0;
				GCC_PREPROCESSOR_DEFINITIONS = (
					"DEBUG=1",
					"$(inherited)",
				);
				GCC_WARN_64_TO_32_BIT_CONVERSION = YES;
				GCC_WARN_ABOUT_RETURN_TYPE = YES_ERROR;
				GCC_WARN_UNDECLARED_SELECTOR = YES;
				GCC_WARN_UNINITIALIZED_AUTOS = YES_AGGRESSIVE;
				GCC_WARN_UNUSED_FUNCTION = YES;
				GCC_WARN_UNUSED_VARIABLE = YES;
				HEADER_SEARCH_PATHS = "";
				IPHONEOS_DEPLOYMENT_TARGET = 10.2;
				LIBRARY_SEARCH_PATHS = "";
				MTL_ENABLE_DEBUG_INFO = YES;
				NJLIGameEngine = "$(SRCROOT)/../../../../NJLIGameEngine-0.1.1-Darwin";
				ONLY_ACTIVE_ARCH = YES;
				OTHER_LDFLAGS = (
					"-llua",
					"-ldl",
				);
				SDKROOT = iphoneos;
				TARGETED_DEVICE_FAMILY = "1,2";
				ThirdParty = "$(SRCROOT)/../../../../External/thirdparty/BUILD";
			};
			name = Debug;
		};
		C19C6FA21E662F5400F2F5F7 /* Release */ = {
			isa = XCBuildConfiguration;
			buildSettings = {
				ALWAYS_SEARCH_USER_PATHS = NO;
				CLANG_ANALYZER_NONNULL = YES;
				CLANG_CXX_LANGUAGE_STANDARD = "c++0x";
				CLANG_CXX_LIBRARY = "libc++";
				CLANG_ENABLE_MODULES = YES;
				CLANG_ENABLE_OBJC_ARC = YES;
				CLANG_WARN_BOOL_CONVERSION = YES;
				CLANG_WARN_CONSTANT_CONVERSION = YES;
				CLANG_WARN_DIRECT_OBJC_ISA_USAGE = YES_ERROR;
				CLANG_WARN_DOCUMENTATION_COMMENTS = YES;
				CLANG_WARN_EMPTY_BODY = YES;
				CLANG_WARN_ENUM_CONVERSION = YES;
				CLANG_WARN_INFINITE_RECURSION = YES;
				CLANG_WARN_INT_CONVERSION = YES;
				CLANG_WARN_OBJC_ROOT_CLASS = YES_ERROR;
				CLANG_WARN_SUSPICIOUS_MOVE = YES;
				CLANG_WARN_UNREACHABLE_CODE = YES;
				CLANG_WARN__DUPLICATE_METHOD_MATCH = YES;
				"CODE_SIGN_IDENTITY[sdk=iphoneos*]" = "iPhone Developer";
				COPY_PHASE_STRIP = NO;
				DEBUG_INFORMATION_FORMAT = "dwarf-with-dsym";
				ENABLE_NS_ASSERTIONS = NO;
				ENABLE_STRICT_OBJC_MSGSEND = YES;
				GCC_C_LANGUAGE_STANDARD = gnu99;
				GCC_NO_COMMON_BLOCKS = YES;
				GCC_WARN_64_TO_32_BIT_CONVERSION = YES;
				GCC_WARN_ABOUT_RETURN_TYPE = YES_ERROR;
				GCC_WARN_UNDECLARED_SELECTOR = YES;
				GCC_WARN_UNINITIALIZED_AUTOS = YES_AGGRESSIVE;
				GCC_WARN_UNUSED_FUNCTION = YES;
				GCC_WARN_UNUSED_VARIABLE = YES;
				HEADER_SEARCH_PATHS = "";
				IPHONEOS_DEPLOYMENT_TARGET = 10.2;
				LIBRARY_SEARCH_PATHS = "";
				MTL_ENABLE_DEBUG_INFO = NO;
				NJLIGameEngine = "$(SRCROOT)/../../../../NJLIGameEngine-0.1.1-Darwin";
				OTHER_LDFLAGS = (
					"-llua",
					"-ldl",
				);
				SDKROOT = iphoneos;
				TARGETED_DEVICE_FAMILY = "1,2";
				ThirdParty = "$(SRCROOT)/../../../../External/thirdparty/BUILD";
				VALIDATE_PRODUCT = YES;
			};
			name = Release;
		};
		C19C6FA41E662F5400F2F5F7 /* Debug */ = {
			isa = XCBuildConfiguration;
			buildSettings = {
				ASSETCATALOG_COMPILER_APPICON_NAME = AppIcon;
				DEVELOPMENT_TEAM = SRBQ5SCF5X;
				HEADER_SEARCH_PATHS = (
					"$(NJLIGameEngine)/include",
					"$(ThirdParty)/include/lua",
				);
				INFOPLIST_FILE = iOS/Info.plist;
				LD_RUNPATH_SEARCH_PATHS = "$(inherited) @executable_path/Frameworks";
				LIBRARY_SEARCH_PATHS = "";
				"LIBRARY_SEARCH_PATHS[sdk=iphoneos10.2]" = (
					"$(ThirdParty)/lib/lua/iOS/10.2/OS/Debug/lib/",
					"$(NJLIGameEngine)/lib/iOS/10.2/OS/Debug",
				);
				"LIBRARY_SEARCH_PATHS[sdk=iphonesimulator10.2]" = (
					"$(ThirdParty)/lib/lua/iOS/10.2/SIMULATOR/Debug/lib/",
					"$(NJLIGameEngine)/lib/iOS/10.2/SIMULATOR/Debug",
				);
				NJLIGameEngine = "$(SRCROOT)/../../../../NJLIGameEngine-0.1.1-Darwin";
				OTHER_LDFLAGS = (
					"-llua",
					"-ldl",
				);
				PRODUCT_BUNDLE_IDENTIFIER = com.njligames.particle.iOS;
				PRODUCT_NAME = "$(TARGET_NAME)";
				ThirdParty = "$(SRCROOT)/../../../../External/thirdparty/BUILD";
			};
			name = Debug;
		};
		C19C6FA51E662F5400F2F5F7 /* Release */ = {
			isa = XCBuildConfiguration;
			buildSettings = {
				ASSETCATALOG_COMPILER_APPICON_NAME = AppIcon;
				DEVELOPMENT_TEAM = SRBQ5SCF5X;
				HEADER_SEARCH_PATHS = (
					"$(NJLIGameEngine)/include",
					"$(ThirdParty)/include/lua",
				);
				INFOPLIST_FILE = iOS/Info.plist;
				LD_RUNPATH_SEARCH_PATHS = "$(inherited) @executable_path/Frameworks";
				LIBRARY_SEARCH_PATHS = "";
				"LIBRARY_SEARCH_PATHS[sdk=iphoneos10.2]" = (
					"$(ThirdParty)/lib/lua/iOS/10.2/OS/Release/lib/",
					"$(NJLIGameEngine)/lib/iOS/10.2/OS/Release",
				);
				"LIBRARY_SEARCH_PATHS[sdk=iphonesimulator10.2]" = (
					"$(ThirdParty)/lib/lua/iOS/10.2/SIMULATOR/Release/lib/",
					"$(NJLIGameEngine)/lib/iOS/10.2/SIMULATOR/Release",
				);
				NJLIGameEngine = "$(SRCROOT)/../../../../NJLIGameEngine-0.1.1-Darwin";
				OTHER_LDFLAGS = (
					"-llua",
					"-ldl",
				);
				PRODUCT_BUNDLE_IDENTIFIER = com.njligames.particle.iOS;
				PRODUCT_NAME = "$(TARGET_NAME)";
				ThirdParty = "$(SRCROOT)/../../../../External/thirdparty/BUILD";
			};
			name = Release;
		};
		C19C6FA71E662F5400F2F5F7 /* Debug */ = {
			isa = XCBuildConfiguration;
			buildSettings = {
				BUNDLE_LOADER = "$(TEST_HOST)";
				DEVELOPMENT_TEAM = SRBQ5SCF5X;
				INFOPLIST_FILE = iOSTests/Info.plist;
				LD_RUNPATH_SEARCH_PATHS = "$(inherited) @executable_path/Frameworks @loader_path/Frameworks";
				PRODUCT_BUNDLE_IDENTIFIER = com.njligames.particle.iOSTests;
				PRODUCT_NAME = "$(TARGET_NAME)";
				TEST_HOST = "$(BUILT_PRODUCTS_DIR)/iOS.app/iOS";
			};
			name = Debug;
		};
		C19C6FA81E662F5400F2F5F7 /* Release */ = {
			isa = XCBuildConfiguration;
			buildSettings = {
				BUNDLE_LOADER = "$(TEST_HOST)";
				DEVELOPMENT_TEAM = SRBQ5SCF5X;
				INFOPLIST_FILE = iOSTests/Info.plist;
				LD_RUNPATH_SEARCH_PATHS = "$(inherited) @executable_path/Frameworks @loader_path/Frameworks";
				PRODUCT_BUNDLE_IDENTIFIER = com.njligames.particle.iOSTests;
				PRODUCT_NAME = "$(TARGET_NAME)";
				TEST_HOST = "$(BUILT_PRODUCTS_DIR)/iOS.app/iOS";
			};
			name = Release;
		};
		C19C6FAA1E662F5400F2F5F7 /* Debug */ = {
			isa = XCBuildConfiguration;
			buildSettings = {
				DEVELOPMENT_TEAM = SRBQ5SCF5X;
				INFOPLIST_FILE = iOSUITests/Info.plist;
				LD_RUNPATH_SEARCH_PATHS = "$(inherited) @executable_path/Frameworks @loader_path/Frameworks";
				PRODUCT_BUNDLE_IDENTIFIER = com.njligames.particle.iOSUITests;
				PRODUCT_NAME = "$(TARGET_NAME)";
				TEST_TARGET_NAME = iOS;
			};
			name = Debug;
		};
		C19C6FAB1E662F5400F2F5F7 /* Release */ = {
			isa = XCBuildConfiguration;
			buildSettings = {
				DEVELOPMENT_TEAM = SRBQ5SCF5X;
				INFOPLIST_FILE = iOSUITests/Info.plist;
				LD_RUNPATH_SEARCH_PATHS = "$(inherited) @executable_path/Frameworks @loader_path/Frameworks";
				PRODUCT_BUNDLE_IDENTIFIER = com.njligames.particle.iOSUITests;
				PRODUCT_NAME = "$(TARGET_NAME)";
				TEST_TARGET_NAME = iOS;
			};
			name = Release;
		};
/* End XCBuildConfiguration section */

/* Begin XCConfigurationList section */
		C19C6F6D1E662F5400F2F5F7 /* Build configuration list for PBXProject "iOS" */ = {
			isa = XCConfigurationList;
			buildConfigurations = (
				C19C6FA11E662F5400F2F5F7 /* Debug */,
				C19C6FA21E662F5400F2F5F7 /* Release */,
			);
			defaultConfigurationIsVisible = 0;
			defaultConfigurationName = Release;
		};
		C19C6FA31E662F5400F2F5F7 /* Build configuration list for PBXNativeTarget "iOS" */ = {
			isa = XCConfigurationList;
			buildConfigurations = (
				C19C6FA41E662F5400F2F5F7 /* Debug */,
				C19C6FA51E662F5400F2F5F7 /* Release */,
			);
			defaultConfigurationIsVisible = 0;
			defaultConfigurationName = Release;
		};
		C19C6FA61E662F5400F2F5F7 /* Build configuration list for PBXNativeTarget "iOSTests" */ = {
			isa = XCConfigurationList;
			buildConfigurations = (
				C19C6FA71E662F5400F2F5F7 /* Debug */,
				C19C6FA81E662F5400F2F5F7 /* Release */,
			);
			defaultConfigurationIsVisible = 0;
			defaultConfigurationName = Release;
		};
		C19C6FA91E662F5400F2F5F7 /* Build configuration list for PBXNativeTarget "iOSUITests" */ = {
			isa = XCConfigurationList;
			buildConfigurations = (
				C19C6FAA1E662F5400F2F5F7 /* Debug */,
				C19C6FAB1E662F5400F2F5F7 /* Release */,
			);
			defaultConfigurationIsVisible = 0;
			defaultConfigurationName = Release;
		};
/* End XCConfigurationList section */
	};
	rootObject = C19C6F6A1E662F5400F2F5F7 /* Project object */;
}
